
Microsoft Visual Studio Solution File, Format Version 12.00
# Visual Studio Version 17
VisualStudioVersion = 17.2.32630.192
MinimumVisualStudioVersion = 10.0.40219.1
Project("{FAE04EC0-301F-11D3-BF4B-00C04F79EFBC}") = "CompanyApp.Core", "CompanyApp.Core\CompanyApp.Core.csproj", "{9E920397-0567-432A-8408-643284838D4C}"
EndProject
Project("{FAE04EC0-301F-11D3-BF4B-00C04F79EFBC}") = "CompanyApp.DataAccess", "CompanyApp.DataAccess\CompanyApp.DataAccess.csproj", "{C39C0587-BF75-4CA7-80C8-A839701761E1}"
EndProject
Project("{FAE04EC0-301F-11D3-BF4B-00C04F79EFBC}") = "CompanyApp.Entities", "CompanyApp.Entities\CompanyApp.Entities.csproj", "{2FF50484-C113-46AA-9DBB-6EE06E25E17F}"
EndProject
Project("{FAE04EC0-301F-11D3-BF4B-00C04F79EFBC}") = "CompanyApp.Business", "CompanyApp.Business\CompanyApp.Business.csproj", "{3A1EC5B5-B9E3-4CF6-8F12-27B4281F21C4}"
EndProject
Project("{FAE04EC0-301F-11D3-BF4B-00C04F79EFBC}") = "CompanyApp.WCF", "CompanyApp.WCF\CompanyApp.WCF.csproj", "{7B1774A9-961C-4340-8CA8-9282430AC0CC}"
EndProject
Project("{FAE04EC0-301F-11D3-BF4B-00C04F79EFBC}") = "CompanyApp.Host", "CompanyApp.Host\CompanyApp.Host.csproj", "{B32E0B97-8400-4BCA-A8B6-AAB4AB3FEE39}"
EndProject
Global
	GlobalSection(SolutionConfigurationPlatforms) = preSolution
		Debug|Any CPU = Debug|Any CPU
		Release|Any CPU = Release|Any CPU
	EndGlobalSection
	GlobalSection(ProjectConfigurationPlatforms) = postSolution
		{9E920397-0567-432A-8408-643284838D4C}.Debug|Any CPU.ActiveCfg = Debug|Any CPU
		{9E920397-0567-432A-8408-643284838D4C}.Debug|Any CPU.Build.0 = Debug|Any CPU
		{9E920397-0567-432A-8408-643284838D4C}.Release|Any CPU.ActiveCfg = Release|Any CPU
		{9E920397-0567-432A-8408-643284838D4C}.Release|Any CPU.Build.0 = Release|Any CPU
		{C39C0587-BF75-4CA7-80C8-A839701761E1}.Debug|Any CPU.ActiveCfg = Debug|Any CPU
		{C39C0587-BF75-4CA7-80C8-A839701761E1}.Debug|Any CPU.Build.0 = Debug|Any CPU
		{C39C0587-BF75-4CA7-80C8-A839701761E1}.Release|Any CPU.ActiveCfg = Release|Any CPU
		{C39C0587-BF75-4CA7-80C8-A839701761E1}.Release|Any CPU.Build.0 = Release|Any CPU
		{2FF50484-C113-46AA-9DBB-6EE06E25E17F}.Debug|Any CPU.ActiveCfg = Debug|Any CPU
		{2FF50484-C113-46AA-9DBB-6EE06E25E17F}.Debug|Any CPU.Build.0 = Debug|Any CPU
		{2FF50484-C113-46AA-9DBB-6EE06E25E17F}.Release|Any CPU.ActiveCfg = Release|Any CPU
		{2FF50484-C113-46AA-9DBB-6EE06E25E17F}.Release|Any CPU.Build.0 = Release|Any CPU
		{3A1EC5B5-B9E3-4CF6-8F12-27B4281F21C4}.Debug|Any CPU.ActiveCfg = Debug|Any CPU
		{3A1EC5B5-B9E3-4CF6-8F12-27B4281F21C4}.Debug|Any CPU.Build.0 = Debug|Any CPU
		{3A1EC5B5-B9E3-4CF6-8F12-27B4281F21C4}.Release|Any CPU.ActiveCfg = Release|Any CPU
		{3A1EC5B5-B9E3-4CF6-8F12-27B4281F21C4}.Release|Any CPU.Build.0 = Release|Any CPU
		{7B1774A9-961C-4340-8CA8-9282430AC0CC}.Debug|Any CPU.ActiveCfg = Debug|Any CPU
		{7B1774A9-961C-4340-8CA8-9282430AC0CC}.Debug|Any CPU.Build.0 = Debug|Any CPU
		{7B1774A9-961C-4340-8CA8-9282430AC0CC}.Release|Any CPU.ActiveCfg = Release|Any CPU
		{7B1774A9-961C-4340-8CA8-9282430AC0CC}.Release|Any CPU.Build.0 = Release|Any CPU
		{B32E0B97-8400-4BCA-A8B6-AAB4AB3FEE39}.Debug|Any CPU.ActiveCfg = Debug|Any CPU
		{B32E0B97-8400-4BCA-A8B6-AAB4AB3FEE39}.Debug|Any CPU.Build.0 = Debug|Any CPU
		{B32E0B97-8400-4BCA-A8B6-AAB4AB3FEE39}.Release|Any CPU.ActiveCfg = Release|Any CPU
		{B32E0B97-8400-4BCA-A8B6-AAB4AB3FEE39}.Release|Any CPU.Build.0 = Release|Any CPU
	EndGlobalSection
	GlobalSection(SolutionProperties) = preSolution
		HideSolutionNode = FALSE
	EndGlobalSection
	GlobalSection(ExtensibilityGlobals) = postSolution
		SolutionGuid = {8FD22EEB-3F81-4323-B042-1D3306D315DB}
	EndGlobalSection
EndGlobal
